
Microsoft Visual Studio Solution File, Format Version 12.00
# Visual Studio 15
VisualStudioVersion = 15.0.26403.7
MinimumVisualStudioVersion = 10.0.40219.1
Project("{9A19103F-16F7-4668-BE54-9A1E7A4F7556}") = "ServForOracle", "ServForOracle\ServForOracle.csproj", "{8E88DE43-8B19-49DC-8F3E-5D5CED9840D6}"
EndProject
Project("{2150E333-8FDC-42A3-9474-1A3956D46DE8}") = "Solution Items", "Solution Items", "{E0937FFE-D045-4CFA-AC6F-B58615FE9B06}"
	ProjectSection(SolutionItems) = preProject
		README.md = README.md
	EndProjectSection
EndProject
Global
	GlobalSection(SolutionConfigurationPlatforms) = preSolution
		Debug|Any CPU = Debug|Any CPU
		Debug|x64 = Debug|x64
		Release|Any CPU = Release|Any CPU
		Release|x64 = Release|x64
	EndGlobalSection
	GlobalSection(ProjectConfigurationPlatforms) = postSolution
		{8E88DE43-8B19-49DC-8F3E-5D5CED9840D6}.Debug|Any CPU.ActiveCfg = Debug|Any CPU
		{8E88DE43-8B19-49DC-8F3E-5D5CED9840D6}.Debug|Any CPU.Build.0 = Debug|Any CPU
		{8E88DE43-8B19-49DC-8F3E-5D5CED9840D6}.Debug|x64.ActiveCfg = Debug|x64
		{8E88DE43-8B19-49DC-8F3E-5D5CED9840D6}.Debug|x64.Build.0 = Debug|x64
		{8E88DE43-8B19-49DC-8F3E-5D5CED9840D6}.Release|Any CPU.ActiveCfg = Release|Any CPU
		{8E88DE43-8B19-49DC-8F3E-5D5CED9840D6}.Release|Any CPU.Build.0 = Release|Any CPU
		{8E88DE43-8B19-49DC-8F3E-5D5CED9840D6}.Release|x64.ActiveCfg = Release|x64
		{8E88DE43-8B19-49DC-8F3E-5D5CED9840D6}.Release|x64.Build.0 = Release|x64
	EndGlobalSection
	GlobalSection(SolutionProperties) = preSolution
		HideSolutionNode = FALSE
	EndGlobalSection
	GlobalSection(ExtensibilityGlobals) = postSolution
		SolutionGuid = {0D0FFC23-236A-4943-AAAA-0DF0FAE24D7D}
	EndGlobalSection
EndGlobal
